
Microsoft Visual Studio Solution File, Format Version 12.00
# Visual Studio Version 17
VisualStudioVersion = 17.0.32014.148
MinimumVisualStudioVersion = 10.0.40219.1
Project("{888888A0-9F3D-457C-B088-3A5042F75D52}") = "Assignment", "Assignment\Assignment.pyproj", "{8B187C32-A081-4C93-9084-46834D8066E3}"
EndProject
Global
	GlobalSection(SolutionConfigurationPlatforms) = preSolution
		Debug|Any CPU = Debug|Any CPU
		Release|Any CPU = Release|Any CPU
	EndGlobalSection
	GlobalSection(ProjectConfigurationPlatforms) = postSolution
		{8B187C32-A081-4C93-9084-46834D8066E3}.Debug|Any CPU.ActiveCfg = Debug|Any CPU
		{8B187C32-A081-4C93-9084-46834D8066E3}.Release|Any CPU.ActiveCfg = Release|Any CPU
	EndGlobalSection
	GlobalSection(SolutionProperties) = preSolution
		HideSolutionNode = FALSE
	EndGlobalSection
	GlobalSection(ExtensibilityGlobals) = postSolution
		SolutionGuid = {85AFA5B9-132C-46F5-A797-E9C9D27BF2DC}
	EndGlobalSection
EndGlobal
